schema: '2.0'
stages:
  frozen_lake@active-inference:
    cmd: uv run python run_frozen_lake.py --planning-method active-inference 
      --grid-size 4 --n-configs 15 --hole-fraction 0.2 --min-hamming 4 
      --base-noise 0.4 --noise-range 0.1 --slip-prob 0.1 --episodes 200 
      --max-steps 15 --planning-horizon 15 --planning-iterations 400 --damping 
      0.4 --hole-penalty 2.0 --goal-temperature 1.0 --scan-cost 0.9 --seed 0 
      --receding-horizon --output data/results/frozen_lake/active-inference.json
    deps:
    - path: agents/frozen_lake_agent.py
      hash: md5
      md5: 4118233372bc0a2871dde536883974df
      size: 15578
    - path: environments/frozen_lake.py
      hash: md5
      md5: f2b509c0fa6f4e890b7b770e8805a252
      size: 19656
    - path: inference/
      hash: md5
      md5: 1a55d3f436659b2b22e53d4c91af91aa.dir
      size: 218374
      nfiles: 12
    - path: run_frozen_lake.py
      hash: md5
      md5: 7add2a4b41c593f7150dd3f501611e1c
      size: 9211
    params:
      params.yaml:
        frozen_lake:
          grid_size: 4
          n_configs: 15
          hole_fraction: 0.2
          min_hamming: 4
          base_noise: 0.4
          noise_range: 0.1
          slip_prob: 0.1
          episodes: 200
          max_steps: 15
          planning_horizon: 15
          hole_penalty: 2.0
          goal_temperature: 1.0
          scan_cost: 0.9
          seed: 0
        frozen_lake_methods.active-inference:
          planning_iterations: 400
          damping: 0.4
    outs:
    - path: data/results/frozen_lake/active-inference.json
      hash: md5
      md5: a9ca9ff60e55b9e87075d0ec864aab31
      size: 619
  frozen_lake@loopy:
    cmd: uv run python run_frozen_lake.py --planning-method loopy --grid-size 4 
      --n-configs 15 --hole-fraction 0.2 --min-hamming 4 --base-noise 0.4 
      --noise-range 0.1 --slip-prob 0.1 --episodes 200 --max-steps 15 
      --planning-horizon 15 --planning-iterations 400 --damping 1.0 
      --hole-penalty 2.0 --goal-temperature 1.0 --scan-cost 0.9 --seed 0 
      --receding-horizon --output data/results/frozen_lake/loopy.json
    deps:
    - path: agents/frozen_lake_agent.py
      hash: md5
      md5: 4118233372bc0a2871dde536883974df
      size: 15578
    - path: environments/frozen_lake.py
      hash: md5
      md5: f2b509c0fa6f4e890b7b770e8805a252
      size: 19656
    - path: inference/
      hash: md5
      md5: d96855625513ccddd1a446c8ab19cd0e.dir
      size: 224418
      nfiles: 12
    - path: run_frozen_lake.py
      hash: md5
      md5: 7add2a4b41c593f7150dd3f501611e1c
      size: 9211
    params:
      params.yaml:
        frozen_lake:
          grid_size: 4
          n_configs: 15
          hole_fraction: 0.2
          min_hamming: 4
          base_noise: 0.4
          noise_range: 0.1
          slip_prob: 0.1
          episodes: 200
          max_steps: 15
          planning_horizon: 15
          hole_penalty: 2.0
          goal_temperature: 1.0
          scan_cost: 0.9
          seed: 0
        frozen_lake_methods.loopy:
          planning_iterations: 400
          damping: 1.0
    outs:
    - path: data/results/frozen_lake/loopy.json
      hash: md5
      md5: 9c32812b41ab07904dc778c5be3e6696
      size: 608
